
Microsoft Visual Studio Solution File, Format Version 12.00
# Visual Studio Version 17
VisualStudioVersion = 17.8.34511.84
MinimumVisualStudioVersion = 10.0.40219.1
Project("{FAE04EC0-301F-11D3-BF4B-00C04F79EFBC}") = "Music", "Music.csproj", "{2283D8BF-1131-4538-8A24-CA54514F17D7}"
EndProject
Global
	GlobalSection(SolutionConfigurationPlatforms) = preSolution
		Debug|Any CPU = Debug|Any CPU
		Release|Any CPU = Release|Any CPU
	EndGlobalSection
	GlobalSection(ProjectConfigurationPlatforms) = postSolution
		{2283D8BF-1131-4538-8A24-CA54514F17D7}.Debug|Any CPU.ActiveCfg = Debug|Any CPU
		{2283D8BF-1131-4538-8A24-CA54514F17D7}.Debug|Any CPU.Build.0 = Debug|Any CPU
		{2283D8BF-1131-4538-8A24-CA54514F17D7}.Release|Any CPU.ActiveCfg = Release|Any CPU
		{2283D8BF-1131-4538-8A24-CA54514F17D7}.Release|Any CPU.Build.0 = Release|Any CPU
	EndGlobalSection
	GlobalSection(SolutionProperties) = preSolution
		HideSolutionNode = FALSE
	EndGlobalSection
	GlobalSection(ExtensibilityGlobals) = postSolution
		SolutionGuid = {9B44D19E-563F-4033-B165-D8AEFC13398A}
	EndGlobalSection
EndGlobal
